// !$*UTF8*$!
{
	archiveVersion = 1;
	classes = {
	};
	objectVersion = 55;
	objects = {

/* Begin PBXBuildFile section */
		E27A250A28818186003E9078 /* AppDelegate.swift in Sources */ = {isa = PBXBuildFile; fileRef = E27A250928818186003E9078 /* AppDelegate.swift */; };
		E27A250C28818186003E9078 /* SceneDelegate.swift in Sources */ = {isa = PBXBuildFile; fileRef = E27A250B28818186003E9078 /* SceneDelegate.swift */; };
		E27A250E28818186003E9078 /* HomeViewController.swift in Sources */ = {isa = PBXBuildFile; fileRef = E27A250D28818186003E9078 /* HomeViewController.swift */; };
		E27A251328818188003E9078 /* Assets.xcassets in Resources */ = {isa = PBXBuildFile; fileRef = E27A251228818188003E9078 /* Assets.xcassets */; };
		E27A251628818188003E9078 /* LaunchScreen.storyboard in Resources */ = {isa = PBXBuildFile; fileRef = E27A251428818188003E9078 /* LaunchScreen.storyboard */; };
		E27A2520288181CC003E9078 /* Coordinator.swift in Sources */ = {isa = PBXBuildFile; fileRef = E27A251F288181CC003E9078 /* Coordinator.swift */; };
		E27A25242881827B003E9078 /* Transitions.swift in Sources */ = {isa = PBXBuildFile; fileRef = E27A25232881827B003E9078 /* Transitions.swift */; };
		E27A252628818316003E9078 /* AppCoordinator.swift in Sources */ = {isa = PBXBuildFile; fileRef = E27A252528818316003E9078 /* AppCoordinator.swift */; };
		E27A252828842B0C003E9078 /* SecondViewController.swift in Sources */ = {isa = PBXBuildFile; fileRef = E27A252728842B0C003E9078 /* SecondViewController.swift */; };
		E27A253428849066003E9078 /* Inetractor.swift in Sources */ = {isa = PBXBuildFile; fileRef = E27A253328849066003E9078 /* Inetractor.swift */; };
		E27A253628849077003E9078 /* Presenter.swift in Sources */ = {isa = PBXBuildFile; fileRef = E27A253528849077003E9078 /* Presenter.swift */; };
		E27A253828849092003E9078 /* Entity.swift in Sources */ = {isa = PBXBuildFile; fileRef = E27A253728849092003E9078 /* Entity.swift */; };
		E27A253A288490A3003E9078 /* Router.swift in Sources */ = {isa = PBXBuildFile; fileRef = E27A2539288490A3003E9078 /* Router.swift */; };
		E27A253C28849D2C003E9078 /* AccountViewController.swift in Sources */ = {isa = PBXBuildFile; fileRef = E27A253B28849D2C003E9078 /* AccountViewController.swift */; };
		E27A253E2884B139003E9078 /* CreateAccountAssembly.swift in Sources */ = {isa = PBXBuildFile; fileRef = E27A253D2884B139003E9078 /* CreateAccountAssembly.swift */; };
/* End PBXBuildFile section */

/* Begin PBXFileReference section */
		E27A250628818186003E9078 /* CoordinatorPattern.app */ = {isa = PBXFileReference; explicitFileType = wrapper.application; includeInIndex = 0; path = CoordinatorPattern.app; sourceTree = BUILT_PRODUCTS_DIR; };
		E27A250928818186003E9078 /* AppDelegate.swift */ = {isa = PBXFileReference; lastKnownFileType = sourcecode.swift; path = AppDelegate.swift; sourceTree = "<group>"; };
		E27A250B28818186003E9078 /* SceneDelegate.swift */ = {isa = PBXFileReference; lastKnownFileType = sourcecode.swift; path = SceneDelegate.swift; sourceTree = "<group>"; };
		E27A250D28818186003E9078 /* HomeViewController.swift */ = {isa = PBXFileReference; lastKnownFileType = sourcecode.swift; path = HomeViewController.swift; sourceTree = "<group>"; };
		E27A251228818188003E9078 /* Assets.xcassets */ = {isa = PBXFileReference; lastKnownFileType = folder.assetcatalog; path = Assets.xcassets; sourceTree = "<group>"; };
		E27A251528818188003E9078 /* Base */ = {isa = PBXFileReference; lastKnownFileType = file.storyboard; name = Base; path = Base.lproj/LaunchScreen.storyboard; sourceTree = "<group>"; };
		E27A251728818188003E9078 /* Info.plist */ = {isa = PBXFileReference; lastKnownFileType = text.plist.xml; path = Info.plist; sourceTree = "<group>"; };
		E27A251F288181CC003E9078 /* Coordinator.swift */ = {isa = PBXFileReference; lastKnownFileType = sourcecode.swift; path = Coordinator.swift; sourceTree = "<group>"; };
		E27A25232881827B003E9078 /* Transitions.swift */ = {isa = PBXFileReference; lastKnownFileType = sourcecode.swift; path = Transitions.swift; sourceTree = "<group>"; };
		E27A252528818316003E9078 /* AppCoordinator.swift */ = {isa = PBXFileReference; lastKnownFileType = sourcecode.swift; path = AppCoordinator.swift; sourceTree = "<group>"; };
		E27A252728842B0C003E9078 /* SecondViewController.swift */ = {isa = PBXFileReference; lastKnownFileType = sourcecode.swift; path = SecondViewController.swift; sourceTree = "<group>"; };
		E27A253328849066003E9078 /* Inetractor.swift */ = {isa = PBXFileReference; lastKnownFileType = sourcecode.swift; path = Inetractor.swift; sourceTree = "<group>"; };
		E27A253528849077003E9078 /* Presenter.swift */ = {isa = PBXFileReference; lastKnownFileType = sourcecode.swift; path = Presenter.swift; sourceTree = "<group>"; };
		E27A253728849092003E9078 /* Entity.swift */ = {isa = PBXFileReference; lastKnownFileType = sourcecode.swift; path = Entity.swift; sourceTree = "<group>"; };
		E27A2539288490A3003E9078 /* Router.swift */ = {isa = PBXFileReference; lastKnownFileType = sourcecode.swift; path = Router.swift; sourceTree = "<group>"; };
		E27A253B28849D2C003E9078 /* AccountViewController.swift */ = {isa = PBXFileReference; lastKnownFileType = sourcecode.swift; path = AccountViewController.swift; sourceTree = "<group>"; };
		E27A253D2884B139003E9078 /* CreateAccountAssembly.swift */ = {isa = PBXFileReference; lastKnownFileType = sourcecode.swift; path = CreateAccountAssembly.swift; sourceTree = "<group>"; };
/* End PBXFileReference section */

/* Begin PBXFrameworksBuildPhase section */
		E27A250328818186003E9078 /* Frameworks */ = {
			isa = PBXFrameworksBuildPhase;
			buildActionMask = 2147483647;
			files = (
			);
			runOnlyForDeploymentPostprocessing = 0;
		};
/* End PBXFrameworksBuildPhase section */

/* Begin PBXGroup section */
		E27A24FD28818186003E9078 = {
			isa = PBXGroup;
			children = (
				E27A250828818186003E9078 /* CoordinatorPattern */,
				E27A250728818186003E9078 /* Products */,
			);
			sourceTree = "<group>";
		};
		E27A250728818186003E9078 /* Products */ = {
			isa = PBXGroup;
			children = (
				E27A250628818186003E9078 /* CoordinatorPattern.app */,
			);
			name = Products;
			sourceTree = "<group>";
		};
		E27A250828818186003E9078 /* CoordinatorPattern */ = {
			isa = PBXGroup;
			children = (
				E27A252A28848C88003E9078 /* Coordinator */,
				E27A252928848C66003E9078 /* VIPER Controller */,
				E27A252B28848CBA003E9078 /* Support files */,
				E27A251728818188003E9078 /* Info.plist */,
			);
			path = CoordinatorPattern;
			sourceTree = "<group>";
		};
		E27A251D288181AE003E9078 /* Coordinators */ = {
			isa = PBXGroup;
			children = (
				E27A251E288181BA003E9078 /* Protocols */,
				E27A252528818316003E9078 /* AppCoordinator.swift */,
			);
			path = Coordinators;
			sourceTree = "<group>";
		};
		E27A251E288181BA003E9078 /* Protocols */ = {
			isa = PBXGroup;
			children = (
				E27A251F288181CC003E9078 /* Coordinator.swift */,
			);
			path = Protocols;
			sourceTree = "<group>";
		};
		E27A252128818266003E9078 /* Views */ = {
			isa = PBXGroup;
			children = (
				E27A250D28818186003E9078 /* HomeViewController.swift */,
				E27A252728842B0C003E9078 /* SecondViewController.swift */,
			);
			path = Views;
			sourceTree = "<group>";
		};
		E27A25222881826C003E9078 /* Models */ = {
			isa = PBXGroup;
			children = (
				E27A25232881827B003E9078 /* Transitions.swift */,
			);
			path = Models;
			sourceTree = "<group>";
		};
		E27A252928848C66003E9078 /* VIPER Controller */ = {
			isa = PBXGroup;
			children = (
				E27A253B28849D2C003E9078 /* AccountViewController.swift */,
				E27A253528849077003E9078 /* Presenter.swift */,
				E27A253328849066003E9078 /* Inetractor.swift */,
				E27A2539288490A3003E9078 /* Router.swift */,
				E27A253728849092003E9078 /* Entity.swift */,
				E27A253D2884B139003E9078 /* CreateAccountAssembly.swift */,
			);
			path = "VIPER Controller";
			sourceTree = "<group>";
		};
		E27A252A28848C88003E9078 /* Coordinator */ = {
			isa = PBXGroup;
			children = (
				E27A251D288181AE003E9078 /* Coordinators */,
				E27A252128818266003E9078 /* Views */,
				E27A25222881826C003E9078 /* Models */,
			);
			name = Coordinator;
			sourceTree = "<group>";
		};
		E27A252B28848CBA003E9078 /* Support files */ = {
			isa = PBXGroup;
			children = (
				E27A250928818186003E9078 /* AppDelegate.swift */,
				E27A250B28818186003E9078 /* SceneDelegate.swift */,
				E27A251228818188003E9078 /* Assets.xcassets */,
				E27A251428818188003E9078 /* LaunchScreen.storyboard */,
			);
			path = "Support files";
			sourceTree = "<group>";
		};
/* End PBXGroup section */

/* Begin PBXNativeTarget section */
		E27A250528818186003E9078 /* CoordinatorPattern */ = {
			isa = PBXNativeTarget;
			buildConfigurationList = E27A251A28818188003E9078 /* Build configuration list for PBXNativeTarget "CoordinatorPattern" */;
			buildPhases = (
				E27A250228818186003E9078 /* Sources */,
				E27A250328818186003E9078 /* Frameworks */,
				E27A250428818186003E9078 /* Resources */,
			);
			buildRules = (
			);
			dependencies = (
			);
			name = CoordinatorPattern;
			productName = CoordinatorPattern;
			productReference = E27A250628818186003E9078 /* CoordinatorPattern.app */;
			productType = "com.apple.product-type.application";
		};
/* End PBXNativeTarget section */

/* Begin PBXProject section */
		E27A24FE28818186003E9078 /* Project object */ = {
			isa = PBXProject;
			attributes = {
				BuildIndependentTargetsInParallel = 1;
				LastSwiftUpdateCheck = 1340;
				LastUpgradeCheck = 1340;
				TargetAttributes = {
					E27A250528818186003E9078 = {
						CreatedOnToolsVersion = 13.4.1;
					};
				};
			};
			buildConfigurationList = E27A250128818186003E9078 /* Build configuration list for PBXProject "CoordinatorPattern" */;
			compatibilityVersion = "Xcode 13.0";
			developmentRegion = en;
			hasScannedForEncodings = 0;
			knownRegions = (
				en,
				Base,
			);
			mainGroup = E27A24FD28818186003E9078;
			productRefGroup = E27A250728818186003E9078 /* Products */;
			projectDirPath = "";
			projectRoot = "";
			targets = (
				E27A250528818186003E9078 /* CoordinatorPattern */,
			);
		};
/* End PBXProject section */

/* Begin PBXResourcesBuildPhase section */
		E27A250428818186003E9078 /* Resources */ = {
			isa = PBXResourcesBuildPhase;
			buildActionMask = 2147483647;
			files = (
				E27A251628818188003E9078 /* LaunchScreen.storyboard in Resources */,
				E27A251328818188003E9078 /* Assets.xcassets in Resources */,
			);
			runOnlyForDeploymentPostprocessing = 0;
		};
/* End PBXResourcesBuildPhase section */

/* Begin PBXSourcesBuildPhase section */
		E27A250228818186003E9078 /* Sources */ = {
			isa = PBXSourcesBuildPhase;
			buildActionMask = 2147483647;
			files = (
				E27A252628818316003E9078 /* AppCoordinator.swift in Sources */,
				E27A253C28849D2C003E9078 /* AccountViewController.swift in Sources */,
				E27A253E2884B139003E9078 /* CreateAccountAssembly.swift in Sources */,
				E27A2520288181CC003E9078 /* Coordinator.swift in Sources */,
				E27A253428849066003E9078 /* Inetractor.swift in Sources */,
				E27A253A288490A3003E9078 /* Router.swift in Sources */,
				E27A253628849077003E9078 /* Presenter.swift in Sources */,
				E27A25242881827B003E9078 /* Transitions.swift in Sources */,
				E27A250E28818186003E9078 /* HomeViewController.swift in Sources */,
				E27A253828849092003E9078 /* Entity.swift in Sources */,
				E27A252828842B0C003E9078 /* SecondViewController.swift in Sources */,
				E27A250A28818186003E9078 /* AppDelegate.swift in Sources */,
				E27A250C28818186003E9078 /* SceneDelegate.swift in Sources */,
			);
			runOnlyForDeploymentPostprocessing = 0;
		};
/* End PBXSourcesBuildPhase section */

/* Begin PBXVariantGroup section */
		E27A251428818188003E9078 /* LaunchScreen.storyboard */ = {
			isa = PBXVariantGroup;
			children = (
				E27A251528818188003E9078 /* Base */,
			);
			name = LaunchScreen.storyboard;
			sourceTree = "<group>";
		};
/* End PBXVariantGroup section */

/* Begin XCBuildConfiguration section */
		E27A251828818188003E9078 /* Debug */ = {
			isa = XCBuildConfiguration;
			buildSettings = {
				ALWAYS_SEARCH_USER_PATHS = NO;
				CLANG_ANALYZER_NONNULL = YES;
				CLANG_ANALYZER_NUMBER_OBJECT_CONVERSION = YES_AGGRESSIVE;
				CLANG_CXX_LANGUAGE_STANDARD = "gnu++17";
				CLANG_ENABLE_MODULES = YES;
				CLANG_ENABLE_OBJC_ARC = YES;
				CLANG_ENABLE_OBJC_WEAK = YES;
				CLANG_WARN_BLOCK_CAPTURE_AUTORELEASING = YES;
				CLANG_WARN_BOOL_CONVERSION = YES;
				CLANG_WARN_COMMA = YES;
				CLANG_WARN_CONSTANT_CONVERSION = YES;
				CLANG_WARN_DEPRECATED_OBJC_IMPLEMENTATIONS = YES;
				CLANG_WARN_DIRECT_OBJC_ISA_USAGE = YES_ERROR;
				CLANG_WARN_DOCUMENTATION_COMMENTS = YES;
				CLANG_WARN_EMPTY_BODY = YES;
				CLANG_WARN_ENUM_CONVERSION = YES;
				CLANG_WARN_INFINITE_RECURSION = YES;
				CLANG_WARN_INT_CONVERSION = YES;
				CLANG_WARN_NON_LITERAL_NULL_CONVERSION = YES;
				CLANG_WARN_OBJC_IMPLICIT_RETAIN_SELF = YES;
				CLANG_WARN_OBJC_LITERAL_CONVERSION = YES;
				CLANG_WARN_OBJC_ROOT_CLASS = YES_ERROR;
				CLANG_WARN_QUOTED_INCLUDE_IN_FRAMEWORK_HEADER = YES;
				CLANG_WARN_RANGE_LOOP_ANALYSIS = YES;
				CLANG_WARN_STRICT_PROTOTYPES = YES;
				CLANG_WARN_SUSPICIOUS_MOVE = YES;
				CLANG_WARN_UNGUARDED_AVAILABILITY = YES_AGGRESSIVE;
				CLANG_WARN_UNREACHABLE_CODE = YES;
				CLANG_WARN__DUPLICATE_METHOD_MATCH = YES;
				COPY_PHASE_STRIP = NO;
				DEBUG_INFORMATION_FORMAT = dwarf;
				ENABLE_STRICT_OBJC_MSGSEND = YES;
				ENABLE_TESTABILITY = YES;
				GCC_C_LANGUAGE_STANDARD = gnu11;
				GCC_DYNAMIC_NO_PIC = NO;
				GCC_NO_COMMON_BLOCKS = YES;
				GCC_OPTIMIZATION_LEVEL = 0;
				GCC_PREPROCESSOR_DEFINITIONS = (
					"DEBUG=1",
					"$(inherited)",
				);
				GCC_WARN_64_TO_32_BIT_CONVERSION = YES;
				GCC_WARN_ABOUT_RETURN_TYPE = YES_ERROR;
				GCC_WARN_UNDECLARED_SELECTOR = YES;
				GCC_WARN_UNINITIALIZED_AUTOS = YES_AGGRESSIVE;
				GCC_WARN_UNUSED_FUNCTION = YES;
				GCC_WARN_UNUSED_VARIABLE = YES;
				IPHONEOS_DEPLOYMENT_TARGET = 15.5;
				MTL_ENABLE_DEBUG_INFO = INCLUDE_SOURCE;
				MTL_FAST_MATH = YES;
				ONLY_ACTIVE_ARCH = YES;
				SDKROOT = iphoneos;
				SWIFT_ACTIVE_COMPILATION_CONDITIONS = DEBUG;
				SWIFT_OPTIMIZATION_LEVEL = "-Onone";
			};
			name = Debug;
		};
		E27A251928818188003E9078 /* Release */ = {
			isa = XCBuildConfiguration;
			buildSettings = {
				ALWAYS_SEARCH_USER_PATHS = NO;
				CLANG_ANALYZER_NONNULL = YES;
				CLANG_ANALYZER_NUMBER_OBJECT_CONVERSION = YES_AGGRESSIVE;
				CLANG_CXX_LANGUAGE_STANDARD = "gnu++17";
				CLANG_ENABLE_MODULES = YES;
				CLANG_ENABLE_OBJC_ARC = YES;
				CLANG_ENABLE_OBJC_WEAK = YES;
				CLANG_WARN_BLOCK_CAPTURE_AUTORELEASING = YES;
				CLANG_WARN_BOOL_CONVERSION = YES;
				CLANG_WARN_COMMA = YES;
				CLANG_WARN_CONSTANT_CONVERSION = YES;
				CLANG_WARN_DEPRECATED_OBJC_IMPLEMENTATIONS = YES;
				CLANG_WARN_DIRECT_OBJC_ISA_USAGE = YES_ERROR;
				CLANG_WARN_DOCUMENTATION_COMMENTS = YES;
				CLANG_WARN_EMPTY_BODY = YES;
				CLANG_WARN_ENUM_CONVERSION = YES;
				CLANG_WARN_INFINITE_RECURSION = YES;
				CLANG_WARN_INT_CONVERSION = YES;
				CLANG_WARN_NON_LITERAL_NULL_CONVERSION = YES;
				CLANG_WARN_OBJC_IMPLICIT_RETAIN_SELF = YES;
				CLANG_WARN_OBJC_LITERAL_CONVERSION = YES;
				CLANG_WARN_OBJC_ROOT_CLASS = YES_ERROR;
				CLANG_WARN_QUOTED_INCLUDE_IN_FRAMEWORK_HEADER = YES;
				CLANG_WARN_RANGE_LOOP_ANALYSIS = YES;
				CLANG_WARN_STRICT_PROTOTYPES = YES;
				CLANG_WARN_SUSPICIOUS_MOVE = YES;
				CLANG_WARN_UNGUARDED_AVAILABILITY = YES_AGGRESSIVE;
				CLANG_WARN_UNREACHABLE_CODE = YES;
				CLANG_WARN__DUPLICATE_METHOD_MATCH = YES;
				COPY_PHASE_STRIP = NO;
				DEBUG_INFORMATION_FORMAT = "dwarf-with-dsym";
				ENABLE_NS_ASSERTIONS = NO;
				ENABLE_STRICT_OBJC_MSGSEND = YES;
				GCC_C_LANGUAGE_STANDARD = gnu11;
				GCC_NO_COMMON_BLOCKS = YES;
				GCC_WARN_64_TO_32_BIT_CONVERSION = YES;
				GCC_WARN_ABOUT_RETURN_TYPE = YES_ERROR;
				GCC_WARN_UNDECLARED_SELECTOR = YES;
				GCC_WARN_UNINITIALIZED_AUTOS = YES_AGGRESSIVE;
				GCC_WARN_UNUSED_FUNCTION = YES;
				GCC_WARN_UNUSED_VARIABLE = YES;
				IPHONEOS_DEPLOYMENT_TARGET = 15.5;
				MTL_ENABLE_DEBUG_INFO = NO;
				MTL_FAST_MATH = YES;
				SDKROOT = iphoneos;
				SWIFT_COMPILATION_MODE = wholemodule;
				SWIFT_OPTIMIZATION_LEVEL = "-O";
				VALIDATE_PRODUCT = YES;
			};
			name = Release;
		};
		E27A251B28818188003E9078 /* Debug */ = {
			isa = XCBuildConfiguration;
			buildSettings = {
				ASSETCATALOG_COMPILER_APPICON_NAME = AppIcon;
				ASSETCATALOG_COMPILER_GLOBAL_ACCENT_COLOR_NAME = AccentColor;
				CODE_SIGN_STYLE = Automatic;
				CURRENT_PROJECT_VERSION = 1;
				DEVELOPMENT_TEAM = 32Y2DSLDNH;
				GENERATE_INFOPLIST_FILE = YES;
				INFOPLIST_FILE = CoordinatorPattern/Info.plist;
				INFOPLIST_KEY_UIApplicationSupportsIndirectInputEvents = YES;
				INFOPLIST_KEY_UILaunchStoryboardName = LaunchScreen;
				INFOPLIST_KEY_UISupportedInterfaceOrientations_iPad = "UIInterfaceOrientationPortrait UIInterfaceOrientationPortraitUpsideDown UIInterfaceOrientationLandscapeLeft UIInterfaceOrientationLandscapeRight";
				INFOPLIST_KEY_UISupportedInterfaceOrientations_iPhone = "UIInterfaceOrientationPortrait UIInterfaceOrientationLandscapeLeft UIInterfaceOrientationLandscapeRight";
				LD_RUNPATH_SEARCH_PATHS = (
					"$(inherited)",
					"@executable_path/Frameworks",
				);
				MARKETING_VERSION = 1.0;
				PRODUCT_BUNDLE_IDENTIFIER = com.malchikTV.CoordinatorPattern;
				PRODUCT_NAME = "$(TARGET_NAME)";
				SWIFT_EMIT_LOC_STRINGS = YES;
				SWIFT_VERSION = 5.0;
				TARGETED_DEVICE_FAMILY = "1,2";
			};
			name = Debug;
		};
		E27A251C28818188003E9078 /* Release */ = {
			isa = XCBuildConfiguration;
			buildSettings = {
				ASSETCATALOG_COMPILER_APPICON_NAME = AppIcon;
				ASSETCATALOG_COMPILER_GLOBAL_ACCENT_COLOR_NAME = AccentColor;
				CODE_SIGN_STYLE = Automatic;
				CURRENT_PROJECT_VERSION = 1;
				DEVELOPMENT_TEAM = 32Y2DSLDNH;
				GENERATE_INFOPLIST_FILE = YES;
				INFOPLIST_FILE = CoordinatorPattern/Info.plist;
				INFOPLIST_KEY_UIApplicationSupportsIndirectInputEvents = YES;
				INFOPLIST_KEY_UILaunchStoryboardName = LaunchScreen;
				INFOPLIST_KEY_UISupportedInterfaceOrientations_iPad = "UIInterfaceOrientationPortrait UIInterfaceOrientationPortraitUpsideDown UIInterfaceOrientationLandscapeLeft UIInterfaceOrientationLandscapeRight";
				INFOPLIST_KEY_UISupportedInterfaceOrientations_iPhone = "UIInterfaceOrientationPortrait UIInterfaceOrientationLandscapeLeft UIInterfaceOrientationLandscapeRight";
				LD_RUNPATH_SEARCH_PATHS = (
					"$(inherited)",
					"@executable_path/Frameworks",
				);
				MARKETING_VERSION = 1.0;
				PRODUCT_BUNDLE_IDENTIFIER = com.malchikTV.CoordinatorPattern;
				PRODUCT_NAME = "$(TARGET_NAME)";
				SWIFT_EMIT_LOC_STRINGS = YES;
				SWIFT_VERSION = 5.0;
				TARGETED_DEVICE_FAMILY = "1,2";
			};
			name = Release;
		};
/* End XCBuildConfiguration section */

/* Begin XCConfigurationList section */
		E27A250128818186003E9078 /* Build configuration list for PBXProject "CoordinatorPattern" */ = {
			isa = XCConfigurationList;
			buildConfigurations = (
				E27A251828818188003E9078 /* Debug */,
				E27A251928818188003E9078 /* Release */,
			);
			defaultConfigurationIsVisible = 0;
			defaultConfigurationName = Release;
		};
		E27A251A28818188003E9078 /* Build configuration list for PBXNativeTarget "CoordinatorPattern" */ = {
			isa = XCConfigurationList;
			buildConfigurations = (
				E27A251B28818188003E9078 /* Debug */,
				E27A251C28818188003E9078 /* Release */,
			);
			defaultConfigurationIsVisible = 0;
			defaultConfigurationName = Release;
		};
/* End XCConfigurationList section */
	};
	rootObject = E27A24FE28818186003E9078 /* Project object */;
}
